
Microsoft Visual Studio Solution File, Format Version 12.00
# Visual Studio 15
VisualStudioVersion = 15.0.27703.2035
MinimumVisualStudioVersion = 10.0.40219.1
Project("{FAE04EC0-301F-11D3-BF4B-00C04F79EFBC}") = "ASPDotNetWebApplication", "ASPDotNetWebApplication\ASPDotNetWebApplication.csproj", "{DA935F4A-D357-426D-8C45-0053F3ABA004}"
EndProject
Global
	GlobalSection(SolutionConfigurationPlatforms) = preSolution
		Debug|Any CPU = Debug|Any CPU
		Release|Any CPU = Release|Any CPU
	EndGlobalSection
	GlobalSection(ProjectConfigurationPlatforms) = postSolution
		{DA935F4A-D357-426D-8C45-0053F3ABA004}.Debug|Any CPU.ActiveCfg = Debug|Any CPU
		{DA935F4A-D357-426D-8C45-0053F3ABA004}.Debug|Any CPU.Build.0 = Debug|Any CPU
		{DA935F4A-D357-426D-8C45-0053F3ABA004}.Release|Any CPU.ActiveCfg = Release|Any CPU
		{DA935F4A-D357-426D-8C45-0053F3ABA004}.Release|Any CPU.Build.0 = Release|Any CPU
	EndGlobalSection
	GlobalSection(SolutionProperties) = preSolution
		HideSolutionNode = FALSE
	EndGlobalSection
	GlobalSection(ExtensibilityGlobals) = postSolution
		SolutionGuid = {E890B2DC-0428-452D-A15D-7C8E979DE4B2}
	EndGlobalSection
EndGlobal
